
Microsoft Visual Studio Solution File, Format Version 12.00
# Visual Studio Version 17
VisualStudioVersion = 17.11.35327.3
MinimumVisualStudioVersion = 10.0.40219.1
Project("{9A19103F-16F7-4668-BE54-9A1E7A4F7556}") = "LogiSimEduProject_BE_API", "LogiSimEduProject_BE_API\LogiSimEduProject_BE_API.csproj", "{D7ABE354-C0F9-4BB5-977F-2B90910F1007}"
EndProject
Project("{9A19103F-16F7-4668-BE54-9A1E7A4F7556}") = "Repositories", "Repositories\Repositories.csproj", "{AFD51316-5C1F-454D-A862-EC5572602AAD}"
EndProject
Project("{9A19103F-16F7-4668-BE54-9A1E7A4F7556}") = "Services", "Services\Services.csproj", "{F9DA37C8-69AE-42F3-88A2-CFBA02AF700F}"
EndProject
Global
	GlobalSection(SolutionConfigurationPlatforms) = preSolution
		Debug|Any CPU = Debug|Any CPU
		Release|Any CPU = Release|Any CPU
	EndGlobalSection
	GlobalSection(ProjectConfigurationPlatforms) = postSolution
		{D7ABE354-C0F9-4BB5-977F-2B90910F1007}.Debug|Any CPU.ActiveCfg = Debug|Any CPU
		{D7ABE354-C0F9-4BB5-977F-2B90910F1007}.Debug|Any CPU.Build.0 = Debug|Any CPU
		{D7ABE354-C0F9-4BB5-977F-2B90910F1007}.Release|Any CPU.ActiveCfg = Release|Any CPU
		{D7ABE354-C0F9-4BB5-977F-2B90910F1007}.Release|Any CPU.Build.0 = Release|Any CPU
		{AFD51316-5C1F-454D-A862-EC5572602AAD}.Debug|Any CPU.ActiveCfg = Debug|Any CPU
		{AFD51316-5C1F-454D-A862-EC5572602AAD}.Debug|Any CPU.Build.0 = Debug|Any CPU
		{AFD51316-5C1F-454D-A862-EC5572602AAD}.Release|Any CPU.ActiveCfg = Release|Any CPU
		{AFD51316-5C1F-454D-A862-EC5572602AAD}.Release|Any CPU.Build.0 = Release|Any CPU
		{F9DA37C8-69AE-42F3-88A2-CFBA02AF700F}.Debug|Any CPU.ActiveCfg = Debug|Any CPU
		{F9DA37C8-69AE-42F3-88A2-CFBA02AF700F}.Debug|Any CPU.Build.0 = Debug|Any CPU
		{F9DA37C8-69AE-42F3-88A2-CFBA02AF700F}.Release|Any CPU.ActiveCfg = Release|Any CPU
		{F9DA37C8-69AE-42F3-88A2-CFBA02AF700F}.Release|Any CPU.Build.0 = Release|Any CPU
	EndGlobalSection
	GlobalSection(SolutionProperties) = preSolution
		HideSolutionNode = FALSE
	EndGlobalSection
	GlobalSection(ExtensibilityGlobals) = postSolution
		SolutionGuid = {70A77840-4420-45F7-9F4C-E4FC25F9B34E}
	EndGlobalSection
EndGlobal
